
Microsoft Visual Studio Solution File, Format Version 12.00
# Visual Studio Version 16
VisualStudioVersion = 16.0.31424.327
MinimumVisualStudioVersion = 10.0.40219.1
Project("{8BC9CEB8-8B4A-11D0-8D11-00A0C91BC942}") = "Lab1_RianCarlos", "Lab1_RianCarlos\Lab1_RianCarlos.vcxproj", "{310914EE-92DB-47BB-887D-B23461789122}"
EndProject
Global
	GlobalSection(SolutionConfigurationPlatforms) = preSolution
		Debug|x64 = Debug|x64
		Debug|x86 = Debug|x86
		Release|x64 = Release|x64
		Release|x86 = Release|x86
	EndGlobalSection
	GlobalSection(ProjectConfigurationPlatforms) = postSolution
		{310914EE-92DB-47BB-887D-B23461789122}.Debug|x64.ActiveCfg = Debug|x64
		{310914EE-92DB-47BB-887D-B23461789122}.Debug|x64.Build.0 = Debug|x64
		{310914EE-92DB-47BB-887D-B23461789122}.Debug|x86.ActiveCfg = Debug|Win32
		{310914EE-92DB-47BB-887D-B23461789122}.Debug|x86.Build.0 = Debug|Win32
		{310914EE-92DB-47BB-887D-B23461789122}.Release|x64.ActiveCfg = Release|x64
		{310914EE-92DB-47BB-887D-B23461789122}.Release|x64.Build.0 = Release|x64
		{310914EE-92DB-47BB-887D-B23461789122}.Release|x86.ActiveCfg = Release|Win32
		{310914EE-92DB-47BB-887D-B23461789122}.Release|x86.Build.0 = Release|Win32
	EndGlobalSection
	GlobalSection(SolutionProperties) = preSolution
		HideSolutionNode = FALSE
	EndGlobalSection
	GlobalSection(ExtensibilityGlobals) = postSolution
		SolutionGuid = {348C88FA-E425-4B89-9D92-8593C6327DBA}
	EndGlobalSection
EndGlobal
